
Microsoft Visual Studio Solution File, Format Version 12.00
# Visual Studio 15
VisualStudioVersion = 15.0.26730.12
MinimumVisualStudioVersion = 10.0.40219.1
Project("{FAE04EC0-301F-11D3-BF4B-00C04F79EFBC}") = "Emotion", "Emotion\Emotion.csproj", "{FAF98478-225C-4B35-8C7C-73E0DA97166C}"
EndProject
Global
	GlobalSection(SolutionConfigurationPlatforms) = preSolution
		Debug|Any CPU = Debug|Any CPU
		Release|Any CPU = Release|Any CPU
	EndGlobalSection
	GlobalSection(ProjectConfigurationPlatforms) = postSolution
		{FAF98478-225C-4B35-8C7C-73E0DA97166C}.Debug|Any CPU.ActiveCfg = Debug|Any CPU
		{FAF98478-225C-4B35-8C7C-73E0DA97166C}.Debug|Any CPU.Build.0 = Debug|Any CPU
		{FAF98478-225C-4B35-8C7C-73E0DA97166C}.Release|Any CPU.ActiveCfg = Release|Any CPU
		{FAF98478-225C-4B35-8C7C-73E0DA97166C}.Release|Any CPU.Build.0 = Release|Any CPU
	EndGlobalSection
	GlobalSection(SolutionProperties) = preSolution
		HideSolutionNode = FALSE
	EndGlobalSection
	GlobalSection(ExtensibilityGlobals) = postSolution
		SolutionGuid = {75EC8833-5D13-490A-8905-493C42DD6C3F}
	EndGlobalSection
EndGlobal
